
Microsoft Visual Studio Solution File, Format Version 12.00
# Visual Studio Version 17
VisualStudioVersion = 17.1.32210.238
MinimumVisualStudioVersion = 10.0.40219.1
Project("{9A19103F-16F7-4668-BE54-9A1E7A4F7556}") = "GameServer", "YaSkamerBroServer\GameServer.csproj", "{FBBE30D2-C32F-4E02-8319-EF033482923C}"
EndProject
Project("{9A19103F-16F7-4668-BE54-9A1E7A4F7556}") = "MyORM", "MyORM\MyORM.csproj", "{A8C4C145-8E19-422B-8C19-0E7BCE3594A7}"
EndProject
Project("{FAE04EC0-301F-11D3-BF4B-00C04F79EFBC}") = "SharedLibrary", "SharedLibrary\SharedLibrary.csproj", "{611B681E-E4DF-4049-B4DB-0429086F33FE}"
EndProject
Global
	GlobalSection(SolutionConfigurationPlatforms) = preSolution
		Debug|Any CPU = Debug|Any CPU
		Release|Any CPU = Release|Any CPU
	EndGlobalSection
	GlobalSection(ProjectConfigurationPlatforms) = postSolution
		{FBBE30D2-C32F-4E02-8319-EF033482923C}.Debug|Any CPU.ActiveCfg = Debug|Any CPU
		{FBBE30D2-C32F-4E02-8319-EF033482923C}.Debug|Any CPU.Build.0 = Debug|Any CPU
		{FBBE30D2-C32F-4E02-8319-EF033482923C}.Release|Any CPU.ActiveCfg = Release|Any CPU
		{FBBE30D2-C32F-4E02-8319-EF033482923C}.Release|Any CPU.Build.0 = Release|Any CPU
		{A8C4C145-8E19-422B-8C19-0E7BCE3594A7}.Debug|Any CPU.ActiveCfg = Debug|Any CPU
		{A8C4C145-8E19-422B-8C19-0E7BCE3594A7}.Debug|Any CPU.Build.0 = Debug|Any CPU
		{A8C4C145-8E19-422B-8C19-0E7BCE3594A7}.Release|Any CPU.ActiveCfg = Release|Any CPU
		{A8C4C145-8E19-422B-8C19-0E7BCE3594A7}.Release|Any CPU.Build.0 = Release|Any CPU
		{611B681E-E4DF-4049-B4DB-0429086F33FE}.Debug|Any CPU.ActiveCfg = Debug|Any CPU
		{611B681E-E4DF-4049-B4DB-0429086F33FE}.Debug|Any CPU.Build.0 = Debug|Any CPU
		{611B681E-E4DF-4049-B4DB-0429086F33FE}.Release|Any CPU.ActiveCfg = Release|Any CPU
		{611B681E-E4DF-4049-B4DB-0429086F33FE}.Release|Any CPU.Build.0 = Release|Any CPU
	EndGlobalSection
	GlobalSection(SolutionProperties) = preSolution
		HideSolutionNode = FALSE
	EndGlobalSection
	GlobalSection(ExtensibilityGlobals) = postSolution
		SolutionGuid = {F896DA94-AC7F-4CD5-AE53-E07BC5998AE9}
	EndGlobalSection
EndGlobal
